hash: f43fa3ac02ea7f1a8669981c2244722bf001e9237002d659d0c0a508d9a067c9
updated: 2016-11-11T10:29:40.757214999-08:00
imports:
- name: github.com/davecgh/go-spew
  version: 6d212800a42e8ab5c146b8ace3490ee17e5225f9
  subpackages:
  - spew
- name: github.com/docopt/docopt-go
  version: 784ddc588536785e7299f7272f39101f7faccc3f
- name: github.com/klauspost/cpuid
  version: 09cded8978dc9e80714c4d85b0322337b0a1e5e0
- name: github.com/pmezard/go-difflib
  version: d8ed2627bdf02c080bf22230dbb337003b7aba2d
  subpackages:
  - difflib
- name: github.com/stretchr/objx
  version: cbeaeb16a013161a98496fad62933b1d21786672
- name: github.com/stretchr/testify
  version: 69483b4bd14f5845b5a1e55bca19e954e827f1d0
  subpackages:
  - mock
  - assert
- name: k8s.io/client-go
  version: b22087a53becae45931ed72d5e0f12e0031d771a
  subpackages:
  - 1.4/kubernetes
  - 1.4/pkg/api
  - 1.4/rest
testImports:
- name: github.com/gopherjs/gopherjs
  version: e34a5cd6a1bc7c4fde759f2d3039852fc68b5fcc
  subpackages:
  - js
- name: github.com/jtolds/gls
  version: 8ddce2a84170772b95dd5d576c48d517b22cac63
- name: github.com/smartystreets/assertions
  version: e60cfa771e3f4d18723a4119f1833898c9c62066
  subpackages:
  - internal/go-render/render
  - internal/oglematchers
- name: github.com/smartystreets/goconvey
  version: d4c757aa9afd1e2fc1832aaab209b5794eb336e1
  subpackages:
  - convey
  - convey/reporting
  - convey/gotest
- name: github.com/vektra/errors
  version: c64d83aba85aa4392895aadeefabbd24e89f3580
